
Microsoft Visual Studio Solution File, Format Version 12.00
# Visual Studio 15
VisualStudioVersion = 15.0.28307.271
MinimumVisualStudioVersion = 10.0.40219.1
Project("{8BC9CEB8-8B4A-11D0-8D11-00A0C91BC942}") = "ChessProject", "ChessProject\ChessProject.vcxproj", "{C5B091B0-FE25-4D52-A274-D518F1FB34EF}"
EndProject
Global
	GlobalSection(SolutionConfigurationPlatforms) = preSolution
		Debug|x64 = Debug|x64
		Debug|x86 = Debug|x86
		Release|x64 = Release|x64
		Release|x86 = Release|x86
	EndGlobalSection
	GlobalSection(ProjectConfigurationPlatforms) = postSolution
		{C5B091B0-FE25-4D52-A274-D518F1FB34EF}.Debug|x64.ActiveCfg = Debug|x64
		{C5B091B0-FE25-4D52-A274-D518F1FB34EF}.Debug|x64.Build.0 = Debug|x64
		{C5B091B0-FE25-4D52-A274-D518F1FB34EF}.Debug|x86.ActiveCfg = Debug|Win32
		{C5B091B0-FE25-4D52-A274-D518F1FB34EF}.Debug|x86.Build.0 = Debug|Win32
		{C5B091B0-FE25-4D52-A274-D518F1FB34EF}.Release|x64.ActiveCfg = Release|x64
		{C5B091B0-FE25-4D52-A274-D518F1FB34EF}.Release|x64.Build.0 = Release|x64
		{C5B091B0-FE25-4D52-A274-D518F1FB34EF}.Release|x86.ActiveCfg = Release|Win32
		{C5B091B0-FE25-4D52-A274-D518F1FB34EF}.Release|x86.Build.0 = Release|Win32
	EndGlobalSection
	GlobalSection(SolutionProperties) = preSolution
		HideSolutionNode = FALSE
	EndGlobalSection
	GlobalSection(ExtensibilityGlobals) = postSolution
		SolutionGuid = {0A672DE7-40C5-49E8-B1B8-275C42287DF8}
	EndGlobalSection
EndGlobal
